
Microsoft Visual Studio Solution File, Format Version 12.00
# Visual Studio 15
VisualStudioVersion = 15.0.28010.2026
MinimumVisualStudioVersion = 10.0.40219.1
Project("{9A19103F-16F7-4668-BE54-9A1E7A4F7556}") = "Postman.ApiDoc", "Postman.ApiDoc\Postman.ApiDoc.csproj", "{7C22C88F-05DD-4DAD-85E4-C671D4F51220}"
EndProject
Project("{FAE04EC0-301F-11D3-BF4B-00C04F79EFBC}") = "Postman.ApiDoc.Tests", "Postman.ApiDoc.Tests\Postman.ApiDoc.Tests.csproj", "{6F8DDC29-A9EF-4B7B-BD16-A770D4C7CBAF}"
EndProject
Global
	GlobalSection(SolutionConfigurationPlatforms) = preSolution
		Debug|Any CPU = Debug|Any CPU
		Release|Any CPU = Release|Any CPU
	EndGlobalSection
	GlobalSection(ProjectConfigurationPlatforms) = postSolution
		{7C22C88F-05DD-4DAD-85E4-C671D4F51220}.Debug|Any CPU.ActiveCfg = Debug|Any CPU
		{7C22C88F-05DD-4DAD-85E4-C671D4F51220}.Debug|Any CPU.Build.0 = Debug|Any CPU
		{7C22C88F-05DD-4DAD-85E4-C671D4F51220}.Release|Any CPU.ActiveCfg = Release|Any CPU
		{7C22C88F-05DD-4DAD-85E4-C671D4F51220}.Release|Any CPU.Build.0 = Release|Any CPU
		{6F8DDC29-A9EF-4B7B-BD16-A770D4C7CBAF}.Debug|Any CPU.ActiveCfg = Debug|Any CPU
		{6F8DDC29-A9EF-4B7B-BD16-A770D4C7CBAF}.Debug|Any CPU.Build.0 = Debug|Any CPU
		{6F8DDC29-A9EF-4B7B-BD16-A770D4C7CBAF}.Release|Any CPU.ActiveCfg = Release|Any CPU
		{6F8DDC29-A9EF-4B7B-BD16-A770D4C7CBAF}.Release|Any CPU.Build.0 = Release|Any CPU
	EndGlobalSection
	GlobalSection(SolutionProperties) = preSolution
		HideSolutionNode = FALSE
	EndGlobalSection
	GlobalSection(ExtensibilityGlobals) = postSolution
		SolutionGuid = {4521BA3D-B43D-4259-920B-77DC14B509AD}
	EndGlobalSection
EndGlobal
